
Microsoft Visual Studio Solution File, Format Version 12.00
# Visual Studio 14
VisualStudioVersion = 14.0.25420.1
MinimumVisualStudioVersion = 10.0.40219.1
Project("{FAE04EC0-301F-11D3-BF4B-00C04F79EFBC}") = "Boerse", "Boerse\Boerse.csproj", "{A99F1CE6-0BA4-4FF4-A079-DA644C4C32AE}"
	ProjectSection(ProjectDependencies) = postProject
		{DB8649C3-98D4-4BE7-9175-BDCAAE1AB222} = {DB8649C3-98D4-4BE7-9175-BDCAAE1AB222}
	EndProjectSection
EndProject
Project("{FAE04EC0-301F-11D3-BF4B-00C04F79EFBC}") = "Stock_Application", "Stock Application\Stock_Application.csproj", "{DB8649C3-98D4-4BE7-9175-BDCAAE1AB222}"
EndProject
Global
	GlobalSection(SolutionConfigurationPlatforms) = preSolution
		Debug|Any CPU = Debug|Any CPU
		Debug|x86 = Debug|x86
		Release|Any CPU = Release|Any CPU
		Release|x86 = Release|x86
	EndGlobalSection
	GlobalSection(ProjectConfigurationPlatforms) = postSolution
		{A99F1CE6-0BA4-4FF4-A079-DA644C4C32AE}.Debug|Any CPU.ActiveCfg = Debug|Any CPU
		{A99F1CE6-0BA4-4FF4-A079-DA644C4C32AE}.Debug|Any CPU.Build.0 = Debug|Any CPU
		{A99F1CE6-0BA4-4FF4-A079-DA644C4C32AE}.Debug|x86.ActiveCfg = Debug|Any CPU
		{A99F1CE6-0BA4-4FF4-A079-DA644C4C32AE}.Debug|x86.Build.0 = Debug|Any CPU
		{A99F1CE6-0BA4-4FF4-A079-DA644C4C32AE}.Release|Any CPU.ActiveCfg = Release|Any CPU
		{A99F1CE6-0BA4-4FF4-A079-DA644C4C32AE}.Release|Any CPU.Build.0 = Release|Any CPU
		{A99F1CE6-0BA4-4FF4-A079-DA644C4C32AE}.Release|x86.ActiveCfg = Release|Any CPU
		{A99F1CE6-0BA4-4FF4-A079-DA644C4C32AE}.Release|x86.Build.0 = Release|Any CPU
		{DB8649C3-98D4-4BE7-9175-BDCAAE1AB222}.Debug|Any CPU.ActiveCfg = Debug|x86
		{DB8649C3-98D4-4BE7-9175-BDCAAE1AB222}.Debug|Any CPU.Build.0 = Debug|x86
		{DB8649C3-98D4-4BE7-9175-BDCAAE1AB222}.Debug|x86.ActiveCfg = Debug|x86
		{DB8649C3-98D4-4BE7-9175-BDCAAE1AB222}.Debug|x86.Build.0 = Debug|x86
		{DB8649C3-98D4-4BE7-9175-BDCAAE1AB222}.Release|Any CPU.ActiveCfg = Release|x86
		{DB8649C3-98D4-4BE7-9175-BDCAAE1AB222}.Release|x86.ActiveCfg = Release|x86
		{DB8649C3-98D4-4BE7-9175-BDCAAE1AB222}.Release|x86.Build.0 = Release|x86
	EndGlobalSection
	GlobalSection(SolutionProperties) = preSolution
		HideSolutionNode = FALSE
	EndGlobalSection
EndGlobal
